{
  "name": "timesheet-management-system",
  "version": "1.0.0",
  "lockfileVersion": 3,
  "requires": true,
  "packages": {
    "": {
      "name": "timesheet-management-system",
      "version": "1.0.0",
      "dependencies": {
        "bcrypt": "file:vendor/bcrypt",
        "ejs": "file:vendor/ejs",
        "express": "file:vendor/express",
        "express-session": "file:vendor/express-session",
        "sqlite3": "file:vendor/sqlite3"
      }
    },
    "node_modules/bcrypt": {
      "resolved": "vendor/bcrypt",
      "link": true
    },
    "node_modules/ejs": {
      "resolved": "vendor/ejs",
      "link": true
    },
    "node_modules/express": {
      "resolved": "vendor/express",
      "link": true
    },
    "node_modules/express-session": {
      "resolved": "vendor/express-session",
      "link": true
    },
    "node_modules/sqlite3": {
      "resolved": "vendor/sqlite3",
      "link": true
    },
    "vendor/bcrypt": {
      "version": "1.0.0"
    },
    "vendor/ejs": {
      "version": "1.0.0"
    },
    "vendor/express": {
      "version": "1.0.0"
    },
    "vendor/express-session": {
      "version": "1.0.0"
    },
    "vendor/sqlite3": {
      "version": "1.0.0"
    }
  }
}
